
Microsoft Visual Studio Solution File, Format Version 12.00
# Visual Studio Version 17
VisualStudioVersion = 17.12.35527.113
MinimumVisualStudioVersion = 10.0.40219.1
Project("{9A19103F-16F7-4668-BE54-9A1E7A4F7556}") = "hExDEN", "hExDEN.csproj", "{6C2CFFAF-2727-4B05-A0F9-5151F38DACAF}"
EndProject
Project("{FAE04EC0-301F-11D3-BF4B-00C04F79EFBC}") = "HedenAndroidPort", "..\HedenAndroidPort\HedenAndroidPort.csproj", "{6AC7B23B-3169-47C0-9710-1BC2B8684D63}"
EndProject
Global
	GlobalSection(SolutionConfigurationPlatforms) = preSolution
		Debug|Any CPU = Debug|Any CPU
		Release|Any CPU = Release|Any CPU
	EndGlobalSection
	GlobalSection(ProjectConfigurationPlatforms) = postSolution
		{6C2CFFAF-2727-4B05-A0F9-5151F38DACAF}.Debug|Any CPU.ActiveCfg = Debug|Any CPU
		{6C2CFFAF-2727-4B05-A0F9-5151F38DACAF}.Debug|Any CPU.Build.0 = Debug|Any CPU
		{6C2CFFAF-2727-4B05-A0F9-5151F38DACAF}.Release|Any CPU.ActiveCfg = Release|Any CPU
		{6C2CFFAF-2727-4B05-A0F9-5151F38DACAF}.Release|Any CPU.Build.0 = Release|Any CPU
		{6AC7B23B-3169-47C0-9710-1BC2B8684D63}.Debug|Any CPU.ActiveCfg = Debug|Any CPU
		{6AC7B23B-3169-47C0-9710-1BC2B8684D63}.Debug|Any CPU.Build.0 = Debug|Any CPU
		{6AC7B23B-3169-47C0-9710-1BC2B8684D63}.Debug|Any CPU.Deploy.0 = Debug|Any CPU
		{6AC7B23B-3169-47C0-9710-1BC2B8684D63}.Release|Any CPU.ActiveCfg = Release|Any CPU
		{6AC7B23B-3169-47C0-9710-1BC2B8684D63}.Release|Any CPU.Build.0 = Release|Any CPU
		{6AC7B23B-3169-47C0-9710-1BC2B8684D63}.Release|Any CPU.Deploy.0 = Release|Any CPU
	EndGlobalSection
	GlobalSection(SolutionProperties) = preSolution
		HideSolutionNode = FALSE
	EndGlobalSection
	GlobalSection(ExtensibilityGlobals) = postSolution
		SolutionGuid = {35C60440-ABC2-4C1B-9B25-300A792A29C9}
	EndGlobalSection
EndGlobal
